// !$*UTF8*$!
{
 archiveVersion = 1;
 classes = { };
 objectVersion = 56;
 objects = {
  6BD8F24B05B2452A8E60F823 /* Project object */ = { isa = PBXProject; attributes = { LastUpgradeCheck = 2600; TargetAttributes = { 8817B920C689423685236962 = { CreatedOnToolsVersion = 26.0; }; }; }; buildConfigurationList = 39775A2331B5420B8CB535B3; compatibilityVersion = "Xcode 14.0"; developmentRegion = en; hasScannedForEncodings = 0; knownRegions = ( en, Base, ); mainGroup = 32DDD1DB00BC44F0A6AA20C3; productRefGroup = 536319230B88482CBB620E6F; projectDirPath = ""; projectRoot = ""; targets = ( 8817B920C689423685236962, ); };
  8817B920C689423685236962 /* Vibely Check */ = { isa = PBXNativeTarget; buildConfigurationList = 78251269677644BD9490B536; buildPhases = ( 59B17B02E5B14E9292070C6C, 834B2F66B4594C5FBD9EF107, ); buildRules = ( ); dependencies = ( ); name = "Vibely Check"; productName = "Vibely Check"; productReference = 536319230B88482CBB620E6F; productType = "com.apple.product-type.application"; };
  32DDD1DB00BC44F0A6AA20C3 /* Main Group */ = { isa = PBXGroup; children = ( E260AB24DCF14539A32B25EA, 6E7C95354152432A8333CC90, ); sourceTree = "<group>"; };
  E260AB24DCF14539A32B25EA /* VibelyCheckApp */ = { isa = PBXGroup; children = ( B7244743ED704EA29A9E4ADD, 0C73FFCD88764A29946DEB19, 66B6EE8783F34A7FBCB2E591, ); path = VibelyCheckApp; sourceTree = "<group>"; };
  B7244743ED704EA29A9E4ADD /* VibelyCheckApp.swift */ = { isa = PBXFileReference; lastKnownFileType = sourcecode.swift; path = VibelyCheckApp.swift; sourceTree = "<group>"; };
  0C73FFCD88764A29946DEB19 /* ContentView.swift */ = { isa = PBXFileReference; lastKnownFileType = sourcecode.swift; path = ContentView.swift; sourceTree = "<group>"; };
  66B6EE8783F34A7FBCB2E591 /* VibelyIntents.swift */ = { isa = PBXFileReference; lastKnownFileType = sourcecode.swift; path = VibelyIntents.swift; sourceTree = "<group>"; };
  F51787239E924FD3AD4C7DD6 /* Info.plist */ = { isa = PBXFileReference; lastKnownFileType = text.plist.xml; path = Info.plist; sourceTree = "<group>"; };
  536319230B88482CBB620E6F /* Vibely Check.app */ = { isa = PBXFileReference; explicitFileType = wrapper.application; includeInIndex = 0; path = "Vibely Check.app"; sourceTree = BUILT_PRODUCTS_DIR; };
  59B17B02E5B14E9292070C6C /* Sources */ = { isa = PBXSourcesBuildPhase; buildActionMask = 2147483647; files = ( 6E7C95354152432A8333CC90, 78251269677644BD9490B536, 39775A2331B5420B8CB535B3, ); runOnlyForDeploymentPostprocessing = 0; };
  6E7C95354152432A8333CC90 /* VibelyCheckApp.swift in Sources */ = { isa = PBXBuildFile; fileRef = B7244743ED704EA29A9E4ADD; };
  78251269677644BD9490B536 /* ContentView.swift in Sources */ = { isa = PBXBuildFile; fileRef = 0C73FFCD88764A29946DEB19; };
  39775A2331B5420B8CB535B3 /* VibelyIntents.swift in Sources */ = { isa = PBXBuildFile; fileRef = 66B6EE8783F34A7FBCB2E591; };
  834B2F66B4594C5FBD9EF107 /* Resources */ = { isa = PBXResourcesBuildPhase; buildActionMask = 2147483647; files = ( ); runOnlyForDeploymentPostprocessing = 0; };
  39775A2331B5420B8CB535B3 /* Project configs */ = { isa = XCConfigurationList; buildConfigurations = ( 78251269677644BD9490B536, 0C73FFCD88764A29946DEB19, ); defaultConfigurationIsVisible = 0; defaultConfigurationName = Release; };
  78251269677644BD9490B536 /* Debug */ = { isa = XCBuildConfiguration; buildSettings = { PRODUCT_BUNDLE_IDENTIFIER = "com.vibelycheck.app"; PRODUCT_NAME = "Vibely Check"; SWIFT_VERSION = 5.0; IPHONEOS_DEPLOYMENT_TARGET = 18.0; INFOPLIST_FILE = "ios/VibelyCheckApp/Info.plist"; TARGETED_DEVICE_FAMILY = "1"; }; name = Debug; };
  0C73FFCD88764A29946DEB19 /* Release */ = { isa = XCBuildConfiguration; buildSettings = { PRODUCT_BUNDLE_IDENTIFIER = "com.vibelycheck.app"; PRODUCT_NAME = "Vibely Check"; SWIFT_VERSION = 5.0; IPHONEOS_DEPLOYMENT_TARGET = 18.0; INFOPLIST_FILE = "ios/VibelyCheckApp/Info.plist"; TARGETED_DEVICE_FAMILY = "1"; SWIFT_OPTIMIZATION_LEVEL = "-O"; }; name = Release; };
 };
 rootObject = 6BD8F24B05B2452A8E60F823;
}
