// !$*UTF8*$!
{
 archiveVersion = 1;
 classes = { };
 objectVersion = 56;
 objects = {
  5612E9A9EC6B4ECB91EE9852 = { isa = PBXProject; attributes = { LastUpgradeCheck = 2600; TargetAttributes = { C56B222DEC264FEB8DAD161F = { CreatedOnToolsVersion = 26.0; }; }; }; buildConfigurationList = 8BF16DD3F4304ADDA906CD68; compatibilityVersion = "Xcode 14.0"; developmentRegion = en; hasScannedForEncodings = 0; knownRegions = ( en, Base, ); mainGroup = 20DEF5550B3B4CBAA90EE910; productRefGroup = 20DEF5550B3B4CBAA90EE910; projectDirPath = ""; projectRoot = ""; targets = ( C56B222DEC264FEB8DAD161F, ); };
 C56B222DEC264FEB8DAD161F = { isa = PBXNativeTarget; buildConfigurationList = 0BBF8500318840358919E8F7; buildPhases = ( C4603EBA82F14461830CFB10, A6B6A2BD3AD84261AE1903BA ); buildRules = ( ); dependencies = ( ); name = "Vibely Check"; productName = "Vibely Check"; productReference = 1DCE82B8C08D4209806CA0D7; productType = "com.apple.product-type.application"; };
 20DEF5550B3B4CBAA90EE910 = { isa = PBXGroup; children = ( 4534A8A293B94925B7647020, 1DCE82B8C08D4209806CA0D7 ); sourceTree = "<group>"; };
 4534A8A293B94925B7647020 = { isa = PBXGroup; children = ( 76A6E4C98F9A4C14BCAC319F, C17F288C62484332B806B985, 88241602B69248F88A4ECD87, 2CA965891A22484D93F7883C ); path = VibelyCheckApp; sourceTree = "<group>"; };
 76A6E4C98F9A4C14BCAC319F = { isa = PBXFileReference; lastKnownFileType = sourcecode.swift; path = VibelyCheckApp.swift; sourceTree = "<group>"; };
 C17F288C62484332B806B985 = { isa = PBXFileReference; lastKnownFileType = sourcecode.swift; path = ContentView.swift; sourceTree = "<group>"; };
 88241602B69248F88A4ECD87 = { isa = PBXFileReference; lastKnownFileType = sourcecode.swift; path = VibelyIntents.swift; sourceTree = "<group>"; };
 2CA965891A22484D93F7883C = { isa = PBXFileReference; lastKnownFileType = text.plist.xml; path = Info.plist; sourceTree = "<group>"; };
 1DCE82B8C08D4209806CA0D7 = { isa = PBXFileReference; explicitFileType = wrapper.application; includeInIndex = 0; path = "Vibely Check.app"; sourceTree = BUILT_PRODUCTS_DIR; };
 C4603EBA82F14461830CFB10 = { isa = PBXSourcesBuildPhase; buildActionMask = 2147483647; files = ( 3591C624E5454A7AA14CC1E6, D24EDF9AC8844761B29C9F4B, BAA1CCA815F34E79806EA55D ); runOnlyForDeploymentPostprocessing = 0; };
 A6B6A2BD3AD84261AE1903BA = { isa = PBXResourcesBuildPhase; buildActionMask = 2147483647; files = ( ); runOnlyForDeploymentPostprocessing = 0; };
 3591C624E5454A7AA14CC1E6 = { isa = PBXBuildFile; fileRef = 76A6E4C98F9A4C14BCAC319F; };
 D24EDF9AC8844761B29C9F4B = { isa = PBXBuildFile; fileRef = C17F288C62484332B806B985; };
 BAA1CCA815F34E79806EA55D = { isa = PBXBuildFile; fileRef = 88241602B69248F88A4ECD87; };
 8BF16DD3F4304ADDA906CD68 = { isa = XCConfigurationList; buildConfigurations = ( B9E5433CBAE44AA9A70428C8, E51A505A53BB4C4D99BEB87F ); defaultConfigurationIsVisible = 0; defaultConfigurationName = Release; };
 B9E5433CBAE44AA9A70428C8 = { isa = XCBuildConfiguration; buildSettings = { PRODUCT_BUNDLE_IDENTIFIER = "com.vibelycheck.app"; PRODUCT_NAME = "Vibely Check"; SWIFT_VERSION = 5.0; IPHONEOS_DEPLOYMENT_TARGET = 18.0; INFOPLIST_FILE = "ios/VibelyCheckApp/Info.plist"; TARGETED_DEVICE_FAMILY = 1; }; name = Debug; };
 E51A505A53BB4C4D99BEB87F = { isa = XCBuildConfiguration; buildSettings = { PRODUCT_BUNDLE_IDENTIFIER = "com.vibelycheck.app"; PRODUCT_NAME = "Vibely Check"; SWIFT_VERSION = 5.0; IPHONEOS_DEPLOYMENT_TARGET = 18.0; INFOPLIST_FILE = "ios/VibelyCheckApp/Info.plist"; TARGETED_DEVICE_FAMILY = 1; SWIFT_OPTIMIZATION_LEVEL = "-O"; }; name = Release; };
 0BBF8500318840358919E8F7 = { isa = XCConfigurationList; buildConfigurations = ( B9E5433CBAE44AA9A70428C8, E51A505A53BB4C4D99BEB87F ); defaultConfigurationIsVisible = 0; defaultConfigurationName = Release; };
 };
 rootObject = 5612E9A9EC6B4ECB91EE9852;
}
